<Solution>
  <Folder Name="/Solution Items/">
    <File Path="README.md" />
  </Folder>
  <Project Path="FamMan.Api.Events/FamMan.Api.Events.csproj" />
  <Project Path="FamMan.AppHost/FamMan.AppHost.csproj" />
  <Project Path="FamMan.ServiceDefaults/FamMan.ServiceDefaults.csproj" />
  <Project Path="FamMan/FamMan.Client/FamMan.Client.csproj" />
  <Project Path="FamMan/FamMan/FamMan.csproj" />
</Solution>
